
Microsoft Visual Studio Solution File, Format Version 12.00
# Visual Studio Version 16
VisualStudioVersion = 16.0.32126.315
MinimumVisualStudioVersion = 10.0.40219.1
Project("{FAE04EC0-301F-11D3-BF4B-00C04F79EFBC}") = "SalesWebMvc", "SalesWebMvc\SalesWebMvc.csproj", "{5CC0A476-B0F1-4734-8577-AA6435ADDF5B}"
EndProject
Global
	GlobalSection(SolutionConfigurationPlatforms) = preSolution
		Debug|Any CPU = Debug|Any CPU
		Release|Any CPU = Release|Any CPU
	EndGlobalSection
	GlobalSection(ProjectConfigurationPlatforms) = postSolution
		{5CC0A476-B0F1-4734-8577-AA6435ADDF5B}.Debug|Any CPU.ActiveCfg = Debug|Any CPU
		{5CC0A476-B0F1-4734-8577-AA6435ADDF5B}.Debug|Any CPU.Build.0 = Debug|Any CPU
		{5CC0A476-B0F1-4734-8577-AA6435ADDF5B}.Release|Any CPU.ActiveCfg = Release|Any CPU
		{5CC0A476-B0F1-4734-8577-AA6435ADDF5B}.Release|Any CPU.Build.0 = Release|Any CPU
	EndGlobalSection
	GlobalSection(SolutionProperties) = preSolution
		HideSolutionNode = FALSE
	EndGlobalSection
	GlobalSection(ExtensibilityGlobals) = postSolution
		SolutionGuid = {746B993D-9698-4441-972A-0C7B9530028B}
	EndGlobalSection
EndGlobal
